// !$*UTF8*$!
{
	archiveVersion = 1;
	classes = {
	};
	objectVersion = 50;
	objects = {

/* Begin PBXBuildFile section */
		D7764F82217F37B70025FB42 /* AppDelegate.swift in Sources */ = {isa = PBXBuildFile; fileRef = D7764F81217F37B70025FB42 /* AppDelegate.swift */; };
		D7764F84217F37B70025FB42 /* RootViewController.swift in Sources */ = {isa = PBXBuildFile; fileRef = D7764F83217F37B70025FB42 /* RootViewController.swift */; };
		D7764F8B217F37B70025FB42 /* Main.storyboard in Resources */ = {isa = PBXBuildFile; fileRef = D7764F89217F37B70025FB42 /* Main.storyboard */; };
		D7764F8D217F37B90025FB42 /* Assets.xcassets in Resources */ = {isa = PBXBuildFile; fileRef = D7764F8C217F37B90025FB42 /* Assets.xcassets */; };
		D7764F90217F37B90025FB42 /* LaunchScreen.storyboard in Resources */ = {isa = PBXBuildFile; fileRef = D7764F8E217F37B90025FB42 /* LaunchScreen.storyboard */; };
		D7764F98217F385E0025FB42 /* DataParser.swift in Sources */ = {isa = PBXBuildFile; fileRef = D7764F97217F385E0025FB42 /* DataParser.swift */; };
		D7764F9A217F3BE40025FB42 /* Pictures.swift in Sources */ = {isa = PBXBuildFile; fileRef = D7764F99217F3BE40025FB42 /* Pictures.swift */; };
/* End PBXBuildFile section */

/* Begin PBXFileReference section */
		D7764F7E217F37B70025FB42 /* tlmqPictures.app */ = {isa = PBXFileReference; explicitFileType = wrapper.application; includeInIndex = 0; path = tlmqPictures.app; sourceTree = BUILT_PRODUCTS_DIR; };
		D7764F81217F37B70025FB42 /* AppDelegate.swift */ = {isa = PBXFileReference; lastKnownFileType = sourcecode.swift; path = AppDelegate.swift; sourceTree = "<group>"; };
		D7764F83217F37B70025FB42 /* RootViewController.swift */ = {isa = PBXFileReference; lastKnownFileType = sourcecode.swift; path = RootViewController.swift; sourceTree = "<group>"; };
		D7764F8A217F37B70025FB42 /* Base */ = {isa = PBXFileReference; lastKnownFileType = file.storyboard; name = Base; path = Base.lproj/Main.storyboard; sourceTree = "<group>"; };
		D7764F8C217F37B90025FB42 /* Assets.xcassets */ = {isa = PBXFileReference; lastKnownFileType = folder.assetcatalog; path = Assets.xcassets; sourceTree = "<group>"; };
		D7764F8F217F37B90025FB42 /* Base */ = {isa = PBXFileReference; lastKnownFileType = file.storyboard; name = Base; path = Base.lproj/LaunchScreen.storyboard; sourceTree = "<group>"; };
		D7764F91217F37B90025FB42 /* Info.plist */ = {isa = PBXFileReference; lastKnownFileType = text.plist.xml; path = Info.plist; sourceTree = "<group>"; };
		D7764F97217F385E0025FB42 /* DataParser.swift */ = {isa = PBXFileReference; lastKnownFileType = sourcecode.swift; path = DataParser.swift; sourceTree = "<group>"; };
		D7764F99217F3BE40025FB42 /* Pictures.swift */ = {isa = PBXFileReference; lastKnownFileType = sourcecode.swift; path = Pictures.swift; sourceTree = "<group>"; };
/* End PBXFileReference section */

/* Begin PBXFrameworksBuildPhase section */
		D7764F7B217F37B70025FB42 /* Frameworks */ = {
			isa = PBXFrameworksBuildPhase;
			buildActionMask = 2147483647;
			files = (
			);
			runOnlyForDeploymentPostprocessing = 0;
		};
/* End PBXFrameworksBuildPhase section */

/* Begin PBXGroup section */
		D7764F75217F37B70025FB42 = {
			isa = PBXGroup;
			children = (
				D7764F80217F37B70025FB42 /* tlmqPictures */,
				D7764F7F217F37B70025FB42 /* Products */,
			);
			sourceTree = "<group>";
		};
		D7764F7F217F37B70025FB42 /* Products */ = {
			isa = PBXGroup;
			children = (
				D7764F7E217F37B70025FB42 /* tlmqPictures.app */,
			);
			name = Products;
			sourceTree = "<group>";
		};
		D7764F80217F37B70025FB42 /* tlmqPictures */ = {
			isa = PBXGroup;
			children = (
				D7764F9B217F3BE90025FB42 /* Model */,
				D7764F81217F37B70025FB42 /* AppDelegate.swift */,
				D7764F83217F37B70025FB42 /* RootViewController.swift */,
				D7764F89217F37B70025FB42 /* Main.storyboard */,
				D7764F8C217F37B90025FB42 /* Assets.xcassets */,
				D7764F8E217F37B90025FB42 /* LaunchScreen.storyboard */,
				D7764F91217F37B90025FB42 /* Info.plist */,
			);
			path = tlmqPictures;
			sourceTree = "<group>";
		};
		D7764F9B217F3BE90025FB42 /* Model */ = {
			isa = PBXGroup;
			children = (
				D7764F97217F385E0025FB42 /* DataParser.swift */,
				D7764F99217F3BE40025FB42 /* Pictures.swift */,
			);
			path = Model;
			sourceTree = "<group>";
		};
/* End PBXGroup section */

/* Begin PBXNativeTarget section */
		D7764F7D217F37B70025FB42 /* tlmqPictures */ = {
			isa = PBXNativeTarget;
			buildConfigurationList = D7764F94217F37B90025FB42 /* Build configuration list for PBXNativeTarget "tlmqPictures" */;
			buildPhases = (
				D7764F7A217F37B70025FB42 /* Sources */,
				D7764F7B217F37B70025FB42 /* Frameworks */,
				D7764F7C217F37B70025FB42 /* Resources */,
			);
			buildRules = (
			);
			dependencies = (
			);
			name = tlmqPictures;
			productName = tlmqPictures;
			productReference = D7764F7E217F37B70025FB42 /* tlmqPictures.app */;
			productType = "com.apple.product-type.application";
		};
/* End PBXNativeTarget section */

/* Begin PBXProject section */
		D7764F76217F37B70025FB42 /* Project object */ = {
			isa = PBXProject;
			attributes = {
				LastSwiftUpdateCheck = 1000;
				LastUpgradeCheck = 1000;
				ORGANIZATIONNAME = dev;
				TargetAttributes = {
					D7764F7D217F37B70025FB42 = {
						CreatedOnToolsVersion = 10.0;
					};
				};
			};
			buildConfigurationList = D7764F79217F37B70025FB42 /* Build configuration list for PBXProject "tlmqPictures" */;
			compatibilityVersion = "Xcode 9.3";
			developmentRegion = en;
			hasScannedForEncodings = 0;
			knownRegions = (
				en,
				Base,
			);
			mainGroup = D7764F75217F37B70025FB42;
			productRefGroup = D7764F7F217F37B70025FB42 /* Products */;
			projectDirPath = "";
			projectRoot = "";
			targets = (
				D7764F7D217F37B70025FB42 /* tlmqPictures */,
			);
		};
/* End PBXProject section */

/* Begin PBXResourcesBuildPhase section */
		D7764F7C217F37B70025FB42 /* Resources */ = {
			isa = PBXResourcesBuildPhase;
			buildActionMask = 2147483647;
			files = (
				D7764F90217F37B90025FB42 /* LaunchScreen.storyboard in Resources */,
				D7764F8D217F37B90025FB42 /* Assets.xcassets in Resources */,
				D7764F8B217F37B70025FB42 /* Main.storyboard in Resources */,
			);
			runOnlyForDeploymentPostprocessing = 0;
		};
/* End PBXResourcesBuildPhase section */

/* Begin PBXSourcesBuildPhase section */
		D7764F7A217F37B70025FB42 /* Sources */ = {
			isa = PBXSourcesBuildPhase;
			buildActionMask = 2147483647;
			files = (
				D7764F9A217F3BE40025FB42 /* Pictures.swift in Sources */,
				D7764F84217F37B70025FB42 /* RootViewController.swift in Sources */,
				D7764F98217F385E0025FB42 /* DataParser.swift in Sources */,
				D7764F82217F37B70025FB42 /* AppDelegate.swift in Sources */,
			);
			runOnlyForDeploymentPostprocessing = 0;
		};
/* End PBXSourcesBuildPhase section */

/* Begin PBXVariantGroup section */
		D7764F89217F37B70025FB42 /* Main.storyboard */ = {
			isa = PBXVariantGroup;
			children = (
				D7764F8A217F37B70025FB42 /* Base */,
			);
			name = Main.storyboard;
			sourceTree = "<group>";
		};
		D7764F8E217F37B90025FB42 /* LaunchScreen.storyboard */ = {
			isa = PBXVariantGroup;
			children = (
				D7764F8F217F37B90025FB42 /* Base */,
			);
			name = LaunchScreen.storyboard;
			sourceTree = "<group>";
		};
/* End PBXVariantGroup section */

/* Begin XCBuildConfiguration section */
		D7764F92217F37B90025FB42 /* Debug */ = {
			isa = XCBuildConfiguration;
			buildSettings = {
				ALWAYS_SEARCH_USER_PATHS = NO;
				CLANG_ANALYZER_NONNULL = YES;
				CLANG_ANALYZER_NUMBER_OBJECT_CONVERSION = YES_AGGRESSIVE;
				CLANG_CXX_LANGUAGE_STANDARD = "gnu++14";
				CLANG_CXX_LIBRARY = "libc++";
				CLANG_ENABLE_MODULES = YES;
				CLANG_ENABLE_OBJC_ARC = YES;
				CLANG_ENABLE_OBJC_WEAK = YES;
				CLANG_WARN_BLOCK_CAPTURE_AUTORELEASING = YES;
				CLANG_WARN_BOOL_CONVERSION = YES;
				CLANG_WARN_COMMA = YES;
				CLANG_WARN_CONSTANT_CONVERSION = YES;
				CLANG_WARN_DEPRECATED_OBJC_IMPLEMENTATIONS = YES;
				CLANG_WARN_DIRECT_OBJC_ISA_USAGE = YES_ERROR;
				CLANG_WARN_DOCUMENTATION_COMMENTS = YES;
				CLANG_WARN_EMPTY_BODY = YES;
				CLANG_WARN_ENUM_CONVERSION = YES;
				CLANG_WARN_INFINITE_RECURSION = YES;
				CLANG_WARN_INT_CONVERSION = YES;
				CLANG_WARN_NON_LITERAL_NULL_CONVERSION = YES;
				CLANG_WARN_OBJC_IMPLICIT_RETAIN_SELF = YES;
				CLANG_WARN_OBJC_LITERAL_CONVERSION = YES;
				CLANG_WARN_OBJC_ROOT_CLASS = YES_ERROR;
				CLANG_WARN_RANGE_LOOP_ANALYSIS = YES;
				CLANG_WARN_STRICT_PROTOTYPES = YES;
				CLANG_WARN_SUSPICIOUS_MOVE = YES;
				CLANG_WARN_UNGUARDED_AVAILABILITY = YES_AGGRESSIVE;
				CLANG_WARN_UNREACHABLE_CODE = YES;
				CLANG_WARN__DUPLICATE_METHOD_MATCH = YES;
				CODE_SIGN_IDENTITY = "iPhone Developer";
				COPY_PHASE_STRIP = NO;
				DEBUG_INFORMATION_FORMAT = dwarf;
				ENABLE_STRICT_OBJC_MSGSEND = YES;
				ENABLE_TESTABILITY = YES;
				GCC_C_LANGUAGE_STANDARD = gnu11;
				GCC_DYNAMIC_NO_PIC = NO;
				GCC_NO_COMMON_BLOCKS = YES;
				GCC_OPTIMIZATION_LEVEL = 0;
				GCC_PREPROCESSOR_DEFINITIONS = (
					"DEBUG=1",
					"$(inherited)",
				);
				GCC_WARN_64_TO_32_BIT_CONVERSION = YES;
				GCC_WARN_ABOUT_RETURN_TYPE = YES_ERROR;
				GCC_WARN_UNDECLARED_SELECTOR = YES;
				GCC_WARN_UNINITIALIZED_AUTOS = YES_AGGRESSIVE;
				GCC_WARN_UNUSED_FUNCTION = YES;
				GCC_WARN_UNUSED_VARIABLE = YES;
				IPHONEOS_DEPLOYMENT_TARGET = 12.0;
				MTL_ENABLE_DEBUG_INFO = INCLUDE_SOURCE;
				MTL_FAST_MATH = YES;
				ONLY_ACTIVE_ARCH = YES;
				SDKROOT = iphoneos;
				SWIFT_ACTIVE_COMPILATION_CONDITIONS = DEBUG;
				SWIFT_OPTIMIZATION_LEVEL = "-Onone";
			};
			name = Debug;
		};
		D7764F93217F37B90025FB42 /* Release */ = {
			isa = XCBuildConfiguration;
			buildSettings = {
				ALWAYS_SEARCH_USER_PATHS = NO;
				CLANG_ANALYZER_NONNULL = YES;
				CLANG_ANALYZER_NUMBER_OBJECT_CONVERSION = YES_AGGRESSIVE;
				CLANG_CXX_LANGUAGE_STANDARD = "gnu++14";
				CLANG_CXX_LIBRARY = "libc++";
				CLANG_ENABLE_MODULES = YES;
				CLANG_ENABLE_OBJC_ARC = YES;
				CLANG_ENABLE_OBJC_WEAK = YES;
				CLANG_WARN_BLOCK_CAPTURE_AUTORELEASING = YES;
				CLANG_WARN_BOOL_CONVERSION = YES;
				CLANG_WARN_COMMA = YES;
				CLANG_WARN_CONSTANT_CONVERSION = YES;
				CLANG_WARN_DEPRECATED_OBJC_IMPLEMENTATIONS = YES;
				CLANG_WARN_DIRECT_OBJC_ISA_USAGE = YES_ERROR;
				CLANG_WARN_DOCUMENTATION_COMMENTS = YES;
				CLANG_WARN_EMPTY_BODY = YES;
				CLANG_WARN_ENUM_CONVERSION = YES;
				CLANG_WARN_INFINITE_RECURSION = YES;
				CLANG_WARN_INT_CONVERSION = YES;
				CLANG_WARN_NON_LITERAL_NULL_CONVERSION = YES;
				CLANG_WARN_OBJC_IMPLICIT_RETAIN_SELF = YES;
				CLANG_WARN_OBJC_LITERAL_CONVERSION = YES;
				CLANG_WARN_OBJC_ROOT_CLASS = YES_ERROR;
				CLANG_WARN_RANGE_LOOP_ANALYSIS = YES;
				CLANG_WARN_STRICT_PROTOTYPES = YES;
				CLANG_WARN_SUSPICIOUS_MOVE = YES;
				CLANG_WARN_UNGUARDED_AVAILABILITY = YES_AGGRESSIVE;
				CLANG_WARN_UNREACHABLE_CODE = YES;
				CLANG_WARN__DUPLICATE_METHOD_MATCH = YES;
				CODE_SIGN_IDENTITY = "iPhone Developer";
				COPY_PHASE_STRIP = NO;
				DEBUG_INFORMATION_FORMAT = "dwarf-with-dsym";
				ENABLE_NS_ASSERTIONS = NO;
				ENABLE_STRICT_OBJC_MSGSEND = YES;
				GCC_C_LANGUAGE_STANDARD = gnu11;
				GCC_NO_COMMON_BLOCKS = YES;
				GCC_WARN_64_TO_32_BIT_CONVERSION = YES;
				GCC_WARN_ABOUT_RETURN_TYPE = YES_ERROR;
				GCC_WARN_UNDECLARED_SELECTOR = YES;
				GCC_WARN_UNINITIALIZED_AUTOS = YES_AGGRESSIVE;
				GCC_WARN_UNUSED_FUNCTION = YES;
				GCC_WARN_UNUSED_VARIABLE = YES;
				IPHONEOS_DEPLOYMENT_TARGET = 12.0;
				MTL_ENABLE_DEBUG_INFO = NO;
				MTL_FAST_MATH = YES;
				SDKROOT = iphoneos;
				SWIFT_COMPILATION_MODE = wholemodule;
				SWIFT_OPTIMIZATION_LEVEL = "-O";
				VALIDATE_PRODUCT = YES;
			};
			name = Release;
		};
		D7764F95217F37B90025FB42 /* Debug */ = {
			isa = XCBuildConfiguration;
			buildSettings = {
				ASSETCATALOG_COMPILER_APPICON_NAME = AppIcon;
				CODE_SIGN_STYLE = Automatic;
				INFOPLIST_FILE = tlmqPictures/Info.plist;
				LD_RUNPATH_SEARCH_PATHS = (
					"$(inherited)",
					"@executable_path/Frameworks",
				);
				PRODUCT_BUNDLE_IDENTIFIER = com.telemaque.tlmqPictures;
				PRODUCT_NAME = "$(TARGET_NAME)";
				SWIFT_VERSION = 4.2;
				TARGETED_DEVICE_FAMILY = "1,2";
			};
			name = Debug;
		};
		D7764F96217F37B90025FB42 /* Release */ = {
			isa = XCBuildConfiguration;
			buildSettings = {
				ASSETCATALOG_COMPILER_APPICON_NAME = AppIcon;
				CODE_SIGN_STYLE = Automatic;
				INFOPLIST_FILE = tlmqPictures/Info.plist;
				LD_RUNPATH_SEARCH_PATHS = (
					"$(inherited)",
					"@executable_path/Frameworks",
				);
				PRODUCT_BUNDLE_IDENTIFIER = com.telemaque.tlmqPictures;
				PRODUCT_NAME = "$(TARGET_NAME)";
				SWIFT_VERSION = 4.2;
				TARGETED_DEVICE_FAMILY = "1,2";
			};
			name = Release;
		};
/* End XCBuildConfiguration section */

/* Begin XCConfigurationList section */
		D7764F79217F37B70025FB42 /* Build configuration list for PBXProject "tlmqPictures" */ = {
			isa = XCConfigurationList;
			buildConfigurations = (
				D7764F92217F37B90025FB42 /* Debug */,
				D7764F93217F37B90025FB42 /* Release */,
			);
			defaultConfigurationIsVisible = 0;
			defaultConfigurationName = Release;
		};
		D7764F94217F37B90025FB42 /* Build configuration list for PBXNativeTarget "tlmqPictures" */ = {
			isa = XCConfigurationList;
			buildConfigurations = (
				D7764F95217F37B90025FB42 /* Debug */,
				D7764F96217F37B90025FB42 /* Release */,
			);
			defaultConfigurationIsVisible = 0;
			defaultConfigurationName = Release;
		};
/* End XCConfigurationList section */
	};
	rootObject = D7764F76217F37B70025FB42 /* Project object */;
}
